// !$*UTF8*$!
{
	archiveVersion = 1;
	classes = {
	};
	objectVersion = 52;
	objects = {

/* Begin PBXBuildFile section */
		859182483A0343CAE43E1760 /* Pods_flixster_flixsterUITests.framework in Frameworks */ = {isa = PBXBuildFile; fileRef = B80E68E8FE5C6F0410EE0B21 /* Pods_flixster_flixsterUITests.framework */; };
		B4ACC24F7EF3A8188F30655F /* Pods_flixster.framework in Frameworks */ = {isa = PBXBuildFile; fileRef = 40F70A49EA6D0C2B67DEAC21 /* Pods_flixster.framework */; };
		B59255EC26FAFA2B003CEFA6 /* MovieDetailsViewController.swift in Sources */ = {isa = PBXBuildFile; fileRef = B59255EB26FAFA2B003CEFA6 /* MovieDetailsViewController.swift */; };
		B5AA94A626FEE74300C92C04 /* MovieGridViewController.swift in Sources */ = {isa = PBXBuildFile; fileRef = B5AA94A526FEE74300C92C04 /* MovieGridViewController.swift */; };
		B5AA94A826FF0EE200C92C04 /* MovieGridCell.swift in Sources */ = {isa = PBXBuildFile; fileRef = B5AA94A726FF0EE100C92C04 /* MovieGridCell.swift */; };
		B5EB115C26F46EB00068AB8B /* AppDelegate.swift in Sources */ = {isa = PBXBuildFile; fileRef = B5EB115B26F46EB00068AB8B /* AppDelegate.swift */; };
		B5EB115E26F46EB00068AB8B /* SceneDelegate.swift in Sources */ = {isa = PBXBuildFile; fileRef = B5EB115D26F46EB00068AB8B /* SceneDelegate.swift */; };
		B5EB116026F46EB00068AB8B /* ViewController.swift in Sources */ = {isa = PBXBuildFile; fileRef = B5EB115F26F46EB00068AB8B /* ViewController.swift */; };
		B5EB116326F46EB00068AB8B /* Main.storyboard in Resources */ = {isa = PBXBuildFile; fileRef = B5EB116126F46EB00068AB8B /* Main.storyboard */; };
		B5EB116526F46EB40068AB8B /* Assets.xcassets in Resources */ = {isa = PBXBuildFile; fileRef = B5EB116426F46EB40068AB8B /* Assets.xcassets */; };
		B5EB116826F46EB40068AB8B /* LaunchScreen.storyboard in Resources */ = {isa = PBXBuildFile; fileRef = B5EB116626F46EB40068AB8B /* LaunchScreen.storyboard */; };
		B5EB117326F46EB40068AB8B /* flixsterTests.swift in Sources */ = {isa = PBXBuildFile; fileRef = B5EB117226F46EB40068AB8B /* flixsterTests.swift */; };
		B5EB117E26F46EB40068AB8B /* flixsterUITests.swift in Sources */ = {isa = PBXBuildFile; fileRef = B5EB117D26F46EB40068AB8B /* flixsterUITests.swift */; };
		B5EB118C26F471330068AB8B /* MoviesViewController.swift in Sources */ = {isa = PBXBuildFile; fileRef = B5EB118B26F471330068AB8B /* MoviesViewController.swift */; };
		B5EB118E26F478FB0068AB8B /* MovieCell.swift in Sources */ = {isa = PBXBuildFile; fileRef = B5EB118D26F478FB0068AB8B /* MovieCell.swift */; };
		B5EB119126F480340068AB8B /* AlamofireImage in Frameworks */ = {isa = PBXBuildFile; productRef = B5EB119026F480340068AB8B /* AlamofireImage */; };
		F0240EA1CFAE513160667CA8 /* Pods_flixsterTests.framework in Frameworks */ = {isa = PBXBuildFile; fileRef = BB436D4951C6241AED47D4E0 /* Pods_flixsterTests.framework */; };
/* End PBXBuildFile section */

/* Begin PBXContainerItemProxy section */
		B5EB116F26F46EB40068AB8B /* PBXContainerItemProxy */ = {
			isa = PBXContainerItemProxy;
			containerPortal = B5EB115026F46EB00068AB8B /* Project object */;
			proxyType = 1;
			remoteGlobalIDString = B5EB115726F46EB00068AB8B;
			remoteInfo = flixster;
		};
		B5EB117A26F46EB40068AB8B /* PBXContainerItemProxy */ = {
			isa = PBXContainerItemProxy;
			containerPortal = B5EB115026F46EB00068AB8B /* Project object */;
			proxyType = 1;
			remoteGlobalIDString = B5EB115726F46EB00068AB8B;
			remoteInfo = flixster;
		};
/* End PBXContainerItemProxy section */

/* Begin PBXFileReference section */
		089F7184E8FF037627276D4D /* Pods-flixsterTests.debug.xcconfig */ = {isa = PBXFileReference; includeInIndex = 1; lastKnownFileType = text.xcconfig; name = "Pods-flixsterTests.debug.xcconfig"; path = "Target Support Files/Pods-flixsterTests/Pods-flixsterTests.debug.xcconfig"; sourceTree = "<group>"; };
		1C46240AE46CAE90BC302F6F /* Pods-flixster.debug.xcconfig */ = {isa = PBXFileReference; includeInIndex = 1; lastKnownFileType = text.xcconfig; name = "Pods-flixster.debug.xcconfig"; path = "Target Support Files/Pods-flixster/Pods-flixster.debug.xcconfig"; sourceTree = "<group>"; };
		40F70A49EA6D0C2B67DEAC21 /* Pods_flixster.framework */ = {isa = PBXFileReference; explicitFileType = wrapper.framework; includeInIndex = 0; path = Pods_flixster.framework; sourceTree = BUILT_PRODUCTS_DIR; };
		44E088E9CB602E41C5904348 /* Pods-flixsterTests.release.xcconfig */ = {isa = PBXFileReference; includeInIndex = 1; lastKnownFileType = text.xcconfig; name = "Pods-flixsterTests.release.xcconfig"; path = "Target Support Files/Pods-flixsterTests/Pods-flixsterTests.release.xcconfig"; sourceTree = "<group>"; };
		5D8FE044AA4750CAED78AA7F /* Pods-flixster-flixsterUITests.release.xcconfig */ = {isa = PBXFileReference; includeInIndex = 1; lastKnownFileType = text.xcconfig; name = "Pods-flixster-flixsterUITests.release.xcconfig"; path = "Target Support Files/Pods-flixster-flixsterUITests/Pods-flixster-flixsterUITests.release.xcconfig"; sourceTree = "<group>"; };
		B59255EB26FAFA2B003CEFA6 /* MovieDetailsViewController.swift */ = {isa = PBXFileReference; lastKnownFileType = sourcecode.swift; path = MovieDetailsViewController.swift; sourceTree = "<group>"; };
		B5AA94A526FEE74300C92C04 /* MovieGridViewController.swift */ = {isa = PBXFileReference; lastKnownFileType = sourcecode.swift; path = MovieGridViewController.swift; sourceTree = "<group>"; };
		B5AA94A726FF0EE100C92C04 /* MovieGridCell.swift */ = {isa = PBXFileReference; lastKnownFileType = sourcecode.swift; path = MovieGridCell.swift; sourceTree = "<group>"; };
		B5EB115826F46EB00068AB8B /* flixster.app */ = {isa = PBXFileReference; explicitFileType = wrapper.application; includeInIndex = 0; path = flixster.app; sourceTree = BUILT_PRODUCTS_DIR; };
		B5EB115B26F46EB00068AB8B /* AppDelegate.swift */ = {isa = PBXFileReference; lastKnownFileType = sourcecode.swift; path = AppDelegate.swift; sourceTree = "<group>"; };
		B5EB115D26F46EB00068AB8B /* SceneDelegate.swift */ = {isa = PBXFileReference; lastKnownFileType = sourcecode.swift; path = SceneDelegate.swift; sourceTree = "<group>"; };
		B5EB115F26F46EB00068AB8B /* ViewController.swift */ = {isa = PBXFileReference; lastKnownFileType = sourcecode.swift; path = ViewController.swift; sourceTree = "<group>"; };
		B5EB116226F46EB00068AB8B /* Base */ = {isa = PBXFileReference; lastKnownFileType = file.storyboard; name = Base; path = Base.lproj/Main.storyboard; sourceTree = "<group>"; };
		B5EB116426F46EB40068AB8B /* Assets.xcassets */ = {isa = PBXFileReference; lastKnownFileType = folder.assetcatalog; path = Assets.xcassets; sourceTree = "<group>"; };
		B5EB116726F46EB40068AB8B /* Base */ = {isa = PBXFileReference; lastKnownFileType = file.storyboard; name = Base; path = Base.lproj/LaunchScreen.storyboard; sourceTree = "<group>"; };
		B5EB116926F46EB40068AB8B /* Info.plist */ = {isa = PBXFileReference; lastKnownFileType = text.plist.xml; path = Info.plist; sourceTree = "<group>"; };
		B5EB116E26F46EB40068AB8B /* flixsterTests.xctest */ = {isa = PBXFileReference; explicitFileType = wrapper.cfbundle; includeInIndex = 0; path = flixsterTests.xctest; sourceTree = BUILT_PRODUCTS_DIR; };
		B5EB117226F46EB40068AB8B /* flixsterTests.swift */ = {isa = PBXFileReference; lastKnownFileType = sourcecode.swift; path = flixsterTests.swift; sourceTree = "<group>"; };
		B5EB117426F46EB40068AB8B /* Info.plist */ = {isa = PBXFileReference; lastKnownFileType = text.plist.xml; path = Info.plist; sourceTree = "<group>"; };
		B5EB117926F46EB40068AB8B /* flixsterUITests.xctest */ = {isa = PBXFileReference; explicitFileType = wrapper.cfbundle; includeInIndex = 0; path = flixsterUITests.xctest; sourceTree = BUILT_PRODUCTS_DIR; };
		B5EB117D26F46EB40068AB8B /* flixsterUITests.swift */ = {isa = PBXFileReference; lastKnownFileType = sourcecode.swift; path = flixsterUITests.swift; sourceTree = "<group>"; };
		B5EB117F26F46EB40068AB8B /* Info.plist */ = {isa = PBXFileReference; lastKnownFileType = text.plist.xml; path = Info.plist; sourceTree = "<group>"; };
		B5EB118B26F471330068AB8B /* MoviesViewController.swift */ = {isa = PBXFileReference; lastKnownFileType = sourcecode.swift; path = MoviesViewController.swift; sourceTree = "<group>"; };
		B5EB118D26F478FB0068AB8B /* MovieCell.swift */ = {isa = PBXFileReference; lastKnownFileType = sourcecode.swift; path = MovieCell.swift; sourceTree = "<group>"; };
		B80E68E8FE5C6F0410EE0B21 /* Pods_flixster_flixsterUITests.framework */ = {isa = PBXFileReference; explicitFileType = wrapper.framework; includeInIndex = 0; path = Pods_flixster_flixsterUITests.framework; sourceTree = BUILT_PRODUCTS_DIR; };
		BB436D4951C6241AED47D4E0 /* Pods_flixsterTests.framework */ = {isa = PBXFileReference; explicitFileType = wrapper.framework; includeInIndex = 0; path = Pods_flixsterTests.framework; sourceTree = BUILT_PRODUCTS_DIR; };
		C8BC50743CF7A217F57F5C69 /* Pods-flixster.release.xcconfig */ = {isa = PBXFileReference; includeInIndex = 1; lastKnownFileType = text.xcconfig; name = "Pods-flixster.release.xcconfig"; path = "Target Support Files/Pods-flixster/Pods-flixster.release.xcconfig"; sourceTree = "<group>"; };
		D49E37314C73FD779A7E5AA9 /* Pods-flixster-flixsterUITests.debug.xcconfig */ = {isa = PBXFileReference; includeInIndex = 1; lastKnownFileType = text.xcconfig; name = "Pods-flixster-flixsterUITests.debug.xcconfig"; path = "Target Support Files/Pods-flixster-flixsterUITests/Pods-flixster-flixsterUITests.debug.xcconfig"; sourceTree = "<group>"; };
/* End PBXFileReference section */

/* Begin PBXFrameworksBuildPhase section */
		B5EB115526F46EB00068AB8B /* Frameworks */ = {
			isa = PBXFrameworksBuildPhase;
			buildActionMask = 2147483647;
			files = (
				B5EB119126F480340068AB8B /* AlamofireImage in Frameworks */,
				B4ACC24F7EF3A8188F30655F /* Pods_flixster.framework in Frameworks */,
			);
			runOnlyForDeploymentPostprocessing = 0;
		};
		B5EB116B26F46EB40068AB8B /* Frameworks */ = {
			isa = PBXFrameworksBuildPhase;
			buildActionMask = 2147483647;
			files = (
				F0240EA1CFAE513160667CA8 /* Pods_flixsterTests.framework in Frameworks */,
			);
			runOnlyForDeploymentPostprocessing = 0;
		};
		B5EB117626F46EB40068AB8B /* Frameworks */ = {
			isa = PBXFrameworksBuildPhase;
			buildActionMask = 2147483647;
			files = (
				859182483A0343CAE43E1760 /* Pods_flixster_flixsterUITests.framework in Frameworks */,
			);
			runOnlyForDeploymentPostprocessing = 0;
		};
/* End PBXFrameworksBuildPhase section */

/* Begin PBXGroup section */
		01D2CE3F05F133CCBFFC1F5B /* Frameworks */ = {
			isa = PBXGroup;
			children = (
				40F70A49EA6D0C2B67DEAC21 /* Pods_flixster.framework */,
				B80E68E8FE5C6F0410EE0B21 /* Pods_flixster_flixsterUITests.framework */,
				BB436D4951C6241AED47D4E0 /* Pods_flixsterTests.framework */,
			);
			name = Frameworks;
			sourceTree = "<group>";
		};
		794BC5E3A8245A1B2EDA8966 /* Pods */ = {
			isa = PBXGroup;
			children = (
				1C46240AE46CAE90BC302F6F /* Pods-flixster.debug.xcconfig */,
				C8BC50743CF7A217F57F5C69 /* Pods-flixster.release.xcconfig */,
				D49E37314C73FD779A7E5AA9 /* Pods-flixster-flixsterUITests.debug.xcconfig */,
				5D8FE044AA4750CAED78AA7F /* Pods-flixster-flixsterUITests.release.xcconfig */,
				089F7184E8FF037627276D4D /* Pods-flixsterTests.debug.xcconfig */,
				44E088E9CB602E41C5904348 /* Pods-flixsterTests.release.xcconfig */,
			);
			path = Pods;
			sourceTree = "<group>";
		};
		B5EB114F26F46EB00068AB8B = {
			isa = PBXGroup;
			children = (
				B5EB115A26F46EB00068AB8B /* flixster */,
				B5EB117126F46EB40068AB8B /* flixsterTests */,
				B5EB117C26F46EB40068AB8B /* flixsterUITests */,
				B5EB115926F46EB00068AB8B /* Products */,
				794BC5E3A8245A1B2EDA8966 /* Pods */,
				01D2CE3F05F133CCBFFC1F5B /* Frameworks */,
			);
			sourceTree = "<group>";
		};
		B5EB115926F46EB00068AB8B /* Products */ = {
			isa = PBXGroup;
			children = (
				B5EB115826F46EB00068AB8B /* flixster.app */,
				B5EB116E26F46EB40068AB8B /* flixsterTests.xctest */,
				B5EB117926F46EB40068AB8B /* flixsterUITests.xctest */,
			);
			name = Products;
			sourceTree = "<group>";
		};
		B5EB115A26F46EB00068AB8B /* flixster */ = {
			isa = PBXGroup;
			children = (
				B5EB115B26F46EB00068AB8B /* AppDelegate.swift */,
				B5EB115D26F46EB00068AB8B /* SceneDelegate.swift */,
				B5EB115F26F46EB00068AB8B /* ViewController.swift */,
				B5EB116126F46EB00068AB8B /* Main.storyboard */,
				B5EB116426F46EB40068AB8B /* Assets.xcassets */,
				B5EB116626F46EB40068AB8B /* LaunchScreen.storyboard */,
				B5EB118B26F471330068AB8B /* MoviesViewController.swift */,
				B5EB118D26F478FB0068AB8B /* MovieCell.swift */,
				B5EB116926F46EB40068AB8B /* Info.plist */,
				B59255EB26FAFA2B003CEFA6 /* MovieDetailsViewController.swift */,
				B5AA94A526FEE74300C92C04 /* MovieGridViewController.swift */,
				B5AA94A726FF0EE100C92C04 /* MovieGridCell.swift */,
			);
			path = flixster;
			sourceTree = "<group>";
		};
		B5EB117126F46EB40068AB8B /* flixsterTests */ = {
			isa = PBXGroup;
			children = (
				B5EB117226F46EB40068AB8B /* flixsterTests.swift */,
				B5EB117426F46EB40068AB8B /* Info.plist */,
			);
			path = flixsterTests;
			sourceTree = "<group>";
		};
		B5EB117C26F46EB40068AB8B /* flixsterUITests */ = {
			isa = PBXGroup;
			children = (
				B5EB117D26F46EB40068AB8B /* flixsterUITests.swift */,
				B5EB117F26F46EB40068AB8B /* Info.plist */,
			);
			path = flixsterUITests;
			sourceTree = "<group>";
		};
/* End PBXGroup section */

/* Begin PBXNativeTarget section */
		B5EB115726F46EB00068AB8B /* flixster */ = {
			isa = PBXNativeTarget;
			buildConfigurationList = B5EB118226F46EB40068AB8B /* Build configuration list for PBXNativeTarget "flixster" */;
			buildPhases = (
				BD694948A496C5CA6CF5CACB /* [CP] Check Pods Manifest.lock */,
				B5EB115426F46EB00068AB8B /* Sources */,
				B5EB115526F46EB00068AB8B /* Frameworks */,
				B5EB115626F46EB00068AB8B /* Resources */,
				0A5EE99C1DCF6DEDB96D06AF /* [CP] Embed Pods Frameworks */,
			);
			buildRules = (
			);
			dependencies = (
			);
			name = flixster;
			packageProductDependencies = (
				B5EB119026F480340068AB8B /* AlamofireImage */,
			);
			productName = flixster;
			productReference = B5EB115826F46EB00068AB8B /* flixster.app */;
			productType = "com.apple.product-type.application";
		};
		B5EB116D26F46EB40068AB8B /* flixsterTests */ = {
			isa = PBXNativeTarget;
			buildConfigurationList = B5EB118526F46EB40068AB8B /* Build configuration list for PBXNativeTarget "flixsterTests" */;
			buildPhases = (
				A5DB5777BE914B475F07845F /* [CP] Check Pods Manifest.lock */,
				B5EB116A26F46EB40068AB8B /* Sources */,
				B5EB116B26F46EB40068AB8B /* Frameworks */,
				B5EB116C26F46EB40068AB8B /* Resources */,
			);
			buildRules = (
			);
			dependencies = (
				B5EB117026F46EB40068AB8B /* PBXTargetDependency */,
			);
			name = flixsterTests;
			productName = flixsterTests;
			productReference = B5EB116E26F46EB40068AB8B /* flixsterTests.xctest */;
			productType = "com.apple.product-type.bundle.unit-test";
		};
		B5EB117826F46EB40068AB8B /* flixsterUITests */ = {
			isa = PBXNativeTarget;
			buildConfigurationList = B5EB118826F46EB40068AB8B /* Build configuration list for PBXNativeTarget "flixsterUITests" */;
			buildPhases = (
				AD230D6FC9A90AC8866913A2 /* [CP] Check Pods Manifest.lock */,
				B5EB117526F46EB40068AB8B /* Sources */,
				B5EB117626F46EB40068AB8B /* Frameworks */,
				B5EB117726F46EB40068AB8B /* Resources */,
				5F95A9B546B4277DD162F671 /* [CP] Embed Pods Frameworks */,
			);
			buildRules = (
			);
			dependencies = (
				B5EB117B26F46EB40068AB8B /* PBXTargetDependency */,
			);
			name = flixsterUITests;
			productName = flixsterUITests;
			productReference = B5EB117926F46EB40068AB8B /* flixsterUITests.xctest */;
			productType = "com.apple.product-type.bundle.ui-testing";
		};
/* End PBXNativeTarget section */

/* Begin PBXProject section */
		B5EB115026F46EB00068AB8B /* Project object */ = {
			isa = PBXProject;
			attributes = {
				LastSwiftUpdateCheck = 1250;
				LastUpgradeCheck = 1250;
				TargetAttributes = {
					B5EB115726F46EB00068AB8B = {
						CreatedOnToolsVersion = 12.5.1;
					};
					B5EB116D26F46EB40068AB8B = {
						CreatedOnToolsVersion = 12.5.1;
						TestTargetID = B5EB115726F46EB00068AB8B;
					};
					B5EB117826F46EB40068AB8B = {
						CreatedOnToolsVersion = 12.5.1;
						TestTargetID = B5EB115726F46EB00068AB8B;
					};
				};
			};
			buildConfigurationList = B5EB115326F46EB00068AB8B /* Build configuration list for PBXProject "flixster" */;
			compatibilityVersion = "Xcode 9.3";
			developmentRegion = en;
			hasScannedForEncodings = 0;
			knownRegions = (
				en,
				Base,
			);
			mainGroup = B5EB114F26F46EB00068AB8B;
			packageReferences = (
				B5EB118F26F480340068AB8B /* XCRemoteSwiftPackageReference "AlamofireImage" */,
			);
			productRefGroup = B5EB115926F46EB00068AB8B /* Products */;
			projectDirPath = "";
			projectRoot = "";
			targets = (
				B5EB115726F46EB00068AB8B /* flixster */,
				B5EB116D26F46EB40068AB8B /* flixsterTests */,
				B5EB117826F46EB40068AB8B /* flixsterUITests */,
			);
		};
/* End PBXProject section */

/* Begin PBXResourcesBuildPhase section */
		B5EB115626F46EB00068AB8B /* Resources */ = {
			isa = PBXResourcesBuildPhase;
			buildActionMask = 2147483647;
			files = (
				B5EB116826F46EB40068AB8B /* LaunchScreen.storyboard in Resources */,
				B5EB116526F46EB40068AB8B /* Assets.xcassets in Resources */,
				B5EB116326F46EB00068AB8B /* Main.storyboard in Resources */,
			);
			runOnlyForDeploymentPostprocessing = 0;
		};
		B5EB116C26F46EB40068AB8B /* Resources */ = {
			isa = PBXResourcesBuildPhase;
			buildActionMask = 2147483647;
			files = (
			);
			runOnlyForDeploymentPostprocessing = 0;
		};
		B5EB117726F46EB40068AB8B /* Resources */ = {
			isa = PBXResourcesBuildPhase;
			buildActionMask = 2147483647;
			files = (
			);
			runOnlyForDeploymentPostprocessing = 0;
		};
/* End PBXResourcesBuildPhase section */

/* Begin PBXShellScriptBuildPhase section */
		0A5EE99C1DCF6DEDB96D06AF /* [CP] Embed Pods Frameworks */ = {
			isa = PBXShellScriptBuildPhase;
			buildActionMask = 2147483647;
			files = (
			);
			inputFileListPaths = (
				"${PODS_ROOT}/Target Support Files/Pods-flixster/Pods-flixster-frameworks-${CONFIGURATION}-input-files.xcfilelist",
			);
			name = "[CP] Embed Pods Frameworks";
			outputFileListPaths = (
				"${PODS_ROOT}/Target Support Files/Pods-flixster/Pods-flixster-frameworks-${CONFIGURATION}-output-files.xcfilelist",
			);
			runOnlyForDeploymentPostprocessing = 0;
			shellPath = /bin/sh;
			shellScript = "\"${PODS_ROOT}/Target Support Files/Pods-flixster/Pods-flixster-frameworks.sh\"\n";
			showEnvVarsInLog = 0;
		};
		5F95A9B546B4277DD162F671 /* [CP] Embed Pods Frameworks */ = {
			isa = PBXShellScriptBuildPhase;
			buildActionMask = 2147483647;
			files = (
			);
			inputFileListPaths = (
				"${PODS_ROOT}/Target Support Files/Pods-flixster-flixsterUITests/Pods-flixster-flixsterUITests-frameworks-${CONFIGURATION}-input-files.xcfilelist",
			);
			name = "[CP] Embed Pods Frameworks";
			outputFileListPaths = (
				"${PODS_ROOT}/Target Support Files/Pods-flixster-flixsterUITests/Pods-flixster-flixsterUITests-frameworks-${CONFIGURATION}-output-files.xcfilelist",
			);
			runOnlyForDeploymentPostprocessing = 0;
			shellPath = /bin/sh;
			shellScript = "\"${PODS_ROOT}/Target Support Files/Pods-flixster-flixsterUITests/Pods-flixster-flixsterUITests-frameworks.sh\"\n";
			showEnvVarsInLog = 0;
		};
		A5DB5777BE914B475F07845F /* [CP] Check Pods Manifest.lock */ = {
			isa = PBXShellScriptBuildPhase;
			buildActionMask = 2147483647;
			files = (
			);
			inputFileListPaths = (
			);
			inputPaths = (
				"${PODS_PODFILE_DIR_PATH}/Podfile.lock",
				"${PODS_ROOT}/Manifest.lock",
			);
			name = "[CP] Check Pods Manifest.lock";
			outputFileListPaths = (
			);
			outputPaths = (
				"$(DERIVED_FILE_DIR)/Pods-flixsterTests-checkManifestLockResult.txt",
			);
			runOnlyForDeploymentPostprocessing = 0;
			shellPath = /bin/sh;
			shellScript = "diff \"${PODS_PODFILE_DIR_PATH}/Podfile.lock\" \"${PODS_ROOT}/Manifest.lock\" > /dev/null\nif [ $? != 0 ] ; then\n    # print error to STDERR\n    echo \"error: The sandbox is not in sync with the Podfile.lock. Run 'pod install' or update your CocoaPods installation.\" >&2\n    exit 1\nfi\n# This output is used by Xcode 'outputs' to avoid re-running this script phase.\necho \"SUCCESS\" > \"${SCRIPT_OUTPUT_FILE_0}\"\n";
			showEnvVarsInLog = 0;
		};
		AD230D6FC9A90AC8866913A2 /* [CP] Check Pods Manifest.lock */ = {
			isa = PBXShellScriptBuildPhase;
			buildActionMask = 2147483647;
			files = (
			);
			inputFileListPaths = (
			);
			inputPaths = (
				"${PODS_PODFILE_DIR_PATH}/Podfile.lock",
				"${PODS_ROOT}/Manifest.lock",
			);
			name = "[CP] Check Pods Manifest.lock";
			outputFileListPaths = (
			);
			outputPaths = (
				"$(DERIVED_FILE_DIR)/Pods-flixster-flixsterUITests-checkManifestLockResult.txt",
			);
			runOnlyForDeploymentPostprocessing = 0;
			shellPath = /bin/sh;
			shellScript = "diff \"${PODS_PODFILE_DIR_PATH}/Podfile.lock\" \"${PODS_ROOT}/Manifest.lock\" > /dev/null\nif [ $? != 0 ] ; then\n    # print error to STDERR\n    echo \"error: The sandbox is not in sync with the Podfile.lock. Run 'pod install' or update your CocoaPods installation.\" >&2\n    exit 1\nfi\n# This output is used by Xcode 'outputs' to avoid re-running this script phase.\necho \"SUCCESS\" > \"${SCRIPT_OUTPUT_FILE_0}\"\n";
			showEnvVarsInLog = 0;
		};
		BD694948A496C5CA6CF5CACB /* [CP] Check Pods Manifest.lock */ = {
			isa = PBXShellScriptBuildPhase;
			buildActionMask = 2147483647;
			files = (
			);
			inputFileListPaths = (
			);
			inputPaths = (
				"${PODS_PODFILE_DIR_PATH}/Podfile.lock",
				"${PODS_ROOT}/Manifest.lock",
			);
			name = "[CP] Check Pods Manifest.lock";
			outputFileListPaths = (
			);
			outputPaths = (
				"$(DERIVED_FILE_DIR)/Pods-flixster-checkManifestLockResult.txt",
			);
			runOnlyForDeploymentPostprocessing = 0;
			shellPath = /bin/sh;
			shellScript = "diff \"${PODS_PODFILE_DIR_PATH}/Podfile.lock\" \"${PODS_ROOT}/Manifest.lock\" > /dev/null\nif [ $? != 0 ] ; then\n    # print error to STDERR\n    echo \"error: The sandbox is not in sync with the Podfile.lock. Run 'pod install' or update your CocoaPods installation.\" >&2\n    exit 1\nfi\n# This output is used by Xcode 'outputs' to avoid re-running this script phase.\necho \"SUCCESS\" > \"${SCRIPT_OUTPUT_FILE_0}\"\n";
			showEnvVarsInLog = 0;
		};
/* End PBXShellScriptBuildPhase section */

/* Begin PBXSourcesBuildPhase section */
		B5EB115426F46EB00068AB8B /* Sources */ = {
			isa = PBXSourcesBuildPhase;
			buildActionMask = 2147483647;
			files = (
				B5EB116026F46EB00068AB8B /* ViewController.swift in Sources */,
				B5EB115C26F46EB00068AB8B /* AppDelegate.swift in Sources */,
				B59255EC26FAFA2B003CEFA6 /* MovieDetailsViewController.swift in Sources */,
				B5AA94A626FEE74300C92C04 /* MovieGridViewController.swift in Sources */,
				B5AA94A826FF0EE200C92C04 /* MovieGridCell.swift in Sources */,
				B5EB115E26F46EB00068AB8B /* SceneDelegate.swift in Sources */,
				B5EB118E26F478FB0068AB8B /* MovieCell.swift in Sources */,
				B5EB118C26F471330068AB8B /* MoviesViewController.swift in Sources */,
			);
			runOnlyForDeploymentPostprocessing = 0;
		};
		B5EB116A26F46EB40068AB8B /* Sources */ = {
			isa = PBXSourcesBuildPhase;
			buildActionMask = 2147483647;
			files = (
				B5EB117326F46EB40068AB8B /* flixsterTests.swift in Sources */,
			);
			runOnlyForDeploymentPostprocessing = 0;
		};
		B5EB117526F46EB40068AB8B /* Sources */ = {
			isa = PBXSourcesBuildPhase;
			buildActionMask = 2147483647;
			files = (
				B5EB117E26F46EB40068AB8B /* flixsterUITests.swift in Sources */,
			);
			runOnlyForDeploymentPostprocessing = 0;
		};
/* End PBXSourcesBuildPhase section */

/* Begin PBXTargetDependency section */
		B5EB117026F46EB40068AB8B /* PBXTargetDependency */ = {
			isa = PBXTargetDependency;
			target = B5EB115726F46EB00068AB8B /* flixster */;
			targetProxy = B5EB116F26F46EB40068AB8B /* PBXContainerItemProxy */;
		};
		B5EB117B26F46EB40068AB8B /* PBXTargetDependency */ = {
			isa = PBXTargetDependency;
			target = B5EB115726F46EB00068AB8B /* flixster */;
			targetProxy = B5EB117A26F46EB40068AB8B /* PBXContainerItemProxy */;
		};
/* End PBXTargetDependency section */

/* Begin PBXVariantGroup section */
		B5EB116126F46EB00068AB8B /* Main.storyboard */ = {
			isa = PBXVariantGroup;
			children = (
				B5EB116226F46EB00068AB8B /* Base */,
			);
			name = Main.storyboard;
			sourceTree = "<group>";
		};
		B5EB116626F46EB40068AB8B /* LaunchScreen.storyboard */ = {
			isa = PBXVariantGroup;
			children = (
				B5EB116726F46EB40068AB8B /* Base */,
			);
			name = LaunchScreen.storyboard;
			sourceTree = "<group>";
		};
/* End PBXVariantGroup section */

/* Begin XCBuildConfiguration section */
		B5EB118026F46EB40068AB8B /* Debug */ = {
			isa = XCBuildConfiguration;
			buildSettings = {
				ALWAYS_SEARCH_USER_PATHS = NO;
				CLANG_ANALYZER_NONNULL = YES;
				CLANG_ANALYZER_NUMBER_OBJECT_CONVERSION = YES_AGGRESSIVE;
				CLANG_CXX_LANGUAGE_STANDARD = "gnu++14";
				CLANG_CXX_LIBRARY = "libc++";
				CLANG_ENABLE_MODULES = YES;
				CLANG_ENABLE_OBJC_ARC = YES;
				CLANG_ENABLE_OBJC_WEAK = YES;
				CLANG_WARN_BLOCK_CAPTURE_AUTORELEASING = YES;
				CLANG_WARN_BOOL_CONVERSION = YES;
				CLANG_WARN_COMMA = YES;
				CLANG_WARN_CONSTANT_CONVERSION = YES;
				CLANG_WARN_DEPRECATED_OBJC_IMPLEMENTATIONS = YES;
				CLANG_WARN_DIRECT_OBJC_ISA_USAGE = YES_ERROR;
				CLANG_WARN_DOCUMENTATION_COMMENTS = YES;
				CLANG_WARN_EMPTY_BODY = YES;
				CLANG_WARN_ENUM_CONVERSION = YES;
				CLANG_WARN_INFINITE_RECURSION = YES;
				CLANG_WARN_INT_CONVERSION = YES;
				CLANG_WARN_NON_LITERAL_NULL_CONVERSION = YES;
				CLANG_WARN_OBJC_IMPLICIT_RETAIN_SELF = YES;
				CLANG_WARN_OBJC_LITERAL_CONVERSION = YES;
				CLANG_WARN_OBJC_ROOT_CLASS = YES_ERROR;
				CLANG_WARN_QUOTED_INCLUDE_IN_FRAMEWORK_HEADER = YES;
				CLANG_WARN_RANGE_LOOP_ANALYSIS = YES;
				CLANG_WARN_STRICT_PROTOTYPES = YES;
				CLANG_WARN_SUSPICIOUS_MOVE = YES;
				CLANG_WARN_UNGUARDED_AVAILABILITY = YES_AGGRESSIVE;
				CLANG_WARN_UNREACHABLE_CODE = YES;
				CLANG_WARN__DUPLICATE_METHOD_MATCH = YES;
				COPY_PHASE_STRIP = NO;
				DEBUG_INFORMATION_FORMAT = dwarf;
				ENABLE_STRICT_OBJC_MSGSEND = YES;
				ENABLE_TESTABILITY = YES;
				GCC_C_LANGUAGE_STANDARD = gnu11;
				GCC_DYNAMIC_NO_PIC = NO;
				GCC_NO_COMMON_BLOCKS = YES;
				GCC_OPTIMIZATION_LEVEL = 0;
				GCC_PREPROCESSOR_DEFINITIONS = (
					"DEBUG=1",
					"$(inherited)",
				);
				GCC_WARN_64_TO_32_BIT_CONVERSION = YES;
				GCC_WARN_ABOUT_RETURN_TYPE = YES_ERROR;
				GCC_WARN_UNDECLARED_SELECTOR = YES;
				GCC_WARN_UNINITIALIZED_AUTOS = YES_AGGRESSIVE;
				GCC_WARN_UNUSED_FUNCTION = YES;
				GCC_WARN_UNUSED_VARIABLE = YES;
				IPHONEOS_DEPLOYMENT_TARGET = 14.5;
				MTL_ENABLE_DEBUG_INFO = INCLUDE_SOURCE;
				MTL_FAST_MATH = YES;
				ONLY_ACTIVE_ARCH = YES;
				SDKROOT = iphoneos;
				SWIFT_ACTIVE_COMPILATION_CONDITIONS = DEBUG;
				SWIFT_OPTIMIZATION_LEVEL = "-Onone";
			};
			name = Debug;
		};
		B5EB118126F46EB40068AB8B /* Release */ = {
			isa = XCBuildConfiguration;
			buildSettings = {
				ALWAYS_SEARCH_USER_PATHS = NO;
				CLANG_ANALYZER_NONNULL = YES;
				CLANG_ANALYZER_NUMBER_OBJECT_CONVERSION = YES_AGGRESSIVE;
				CLANG_CXX_LANGUAGE_STANDARD = "gnu++14";
				CLANG_CXX_LIBRARY = "libc++";
				CLANG_ENABLE_MODULES = YES;
				CLANG_ENABLE_OBJC_ARC = YES;
				CLANG_ENABLE_OBJC_WEAK = YES;
				CLANG_WARN_BLOCK_CAPTURE_AUTORELEASING = YES;
				CLANG_WARN_BOOL_CONVERSION = YES;
				CLANG_WARN_COMMA = YES;
				CLANG_WARN_CONSTANT_CONVERSION = YES;
				CLANG_WARN_DEPRECATED_OBJC_IMPLEMENTATIONS = YES;
				CLANG_WARN_DIRECT_OBJC_ISA_USAGE = YES_ERROR;
				CLANG_WARN_DOCUMENTATION_COMMENTS = YES;
				CLANG_WARN_EMPTY_BODY = YES;
				CLANG_WARN_ENUM_CONVERSION = YES;
				CLANG_WARN_INFINITE_RECURSION = YES;
				CLANG_WARN_INT_CONVERSION = YES;
				CLANG_WARN_NON_LITERAL_NULL_CONVERSION = YES;
				CLANG_WARN_OBJC_IMPLICIT_RETAIN_SELF = YES;
				CLANG_WARN_OBJC_LITERAL_CONVERSION = YES;
				CLANG_WARN_OBJC_ROOT_CLASS = YES_ERROR;
				CLANG_WARN_QUOTED_INCLUDE_IN_FRAMEWORK_HEADER = YES;
				CLANG_WARN_RANGE_LOOP_ANALYSIS = YES;
				CLANG_WARN_STRICT_PROTOTYPES = YES;
				CLANG_WARN_SUSPICIOUS_MOVE = YES;
				CLANG_WARN_UNGUARDED_AVAILABILITY = YES_AGGRESSIVE;
				CLANG_WARN_UNREACHABLE_CODE = YES;
				CLANG_WARN__DUPLICATE_METHOD_MATCH = YES;
				COPY_PHASE_STRIP = NO;
				DEBUG_INFORMATION_FORMAT = "dwarf-with-dsym";
				ENABLE_NS_ASSERTIONS = NO;
				ENABLE_STRICT_OBJC_MSGSEND = YES;
				GCC_C_LANGUAGE_STANDARD = gnu11;
				GCC_NO_COMMON_BLOCKS = YES;
				GCC_WARN_64_TO_32_BIT_CONVERSION = YES;
				GCC_WARN_ABOUT_RETURN_TYPE = YES_ERROR;
				GCC_WARN_UNDECLARED_SELECTOR = YES;
				GCC_WARN_UNINITIALIZED_AUTOS = YES_AGGRESSIVE;
				GCC_WARN_UNUSED_FUNCTION = YES;
				GCC_WARN_UNUSED_VARIABLE = YES;
				IPHONEOS_DEPLOYMENT_TARGET = 14.5;
				MTL_ENABLE_DEBUG_INFO = NO;
				MTL_FAST_MATH = YES;
				SDKROOT = iphoneos;
				SWIFT_COMPILATION_MODE = wholemodule;
				SWIFT_OPTIMIZATION_LEVEL = "-O";
				VALIDATE_PRODUCT = YES;
			};
			name = Release;
		};
		B5EB118326F46EB40068AB8B /* Debug */ = {
			isa = XCBuildConfiguration;
			baseConfigurationReference = 1C46240AE46CAE90BC302F6F /* Pods-flixster.debug.xcconfig */;
			buildSettings = {
				ASSETCATALOG_COMPILER_APPICON_NAME = AppIcon;
				ASSETCATALOG_COMPILER_GLOBAL_ACCENT_COLOR_NAME = AccentColor;
				CODE_SIGN_STYLE = Automatic;
				INFOPLIST_FILE = flixster/Info.plist;
				LD_RUNPATH_SEARCH_PATHS = (
					"$(inherited)",
					"@executable_path/Frameworks",
				);
				PRODUCT_BUNDLE_IDENTIFIER = chanrachel117.flixster;
				PRODUCT_NAME = "$(TARGET_NAME)";
				SWIFT_VERSION = 5.0;
				TARGETED_DEVICE_FAMILY = "1,2";
			};
			name = Debug;
		};
		B5EB118426F46EB40068AB8B /* Release */ = {
			isa = XCBuildConfiguration;
			baseConfigurationReference = C8BC50743CF7A217F57F5C69 /* Pods-flixster.release.xcconfig */;
			buildSettings = {
				ASSETCATALOG_COMPILER_APPICON_NAME = AppIcon;
				ASSETCATALOG_COMPILER_GLOBAL_ACCENT_COLOR_NAME = AccentColor;
				CODE_SIGN_STYLE = Automatic;
				INFOPLIST_FILE = flixster/Info.plist;
				LD_RUNPATH_SEARCH_PATHS = (
					"$(inherited)",
					"@executable_path/Frameworks",
				);
				PRODUCT_BUNDLE_IDENTIFIER = chanrachel117.flixster;
				PRODUCT_NAME = "$(TARGET_NAME)";
				SWIFT_VERSION = 5.0;
				TARGETED_DEVICE_FAMILY = "1,2";
			};
			name = Release;
		};
		B5EB118626F46EB40068AB8B /* Debug */ = {
			isa = XCBuildConfiguration;
			baseConfigurationReference = 089F7184E8FF037627276D4D /* Pods-flixsterTests.debug.xcconfig */;
			buildSettings = {
				ALWAYS_EMBED_SWIFT_STANDARD_LIBRARIES = YES;
				BUNDLE_LOADER = "$(TEST_HOST)";
				CODE_SIGN_STYLE = Automatic;
				INFOPLIST_FILE = flixsterTests/Info.plist;
				IPHONEOS_DEPLOYMENT_TARGET = 14.5;
				LD_RUNPATH_SEARCH_PATHS = (
					"$(inherited)",
					"@executable_path/Frameworks",
					"@loader_path/Frameworks",
				);
				PRODUCT_BUNDLE_IDENTIFIER = chanrachel117.flixsterTests;
				PRODUCT_NAME = "$(TARGET_NAME)";
				SWIFT_VERSION = 5.0;
				TARGETED_DEVICE_FAMILY = "1,2";
				TEST_HOST = "$(BUILT_PRODUCTS_DIR)/flixster.app/flixster";
			};
			name = Debug;
		};
		B5EB118726F46EB40068AB8B /* Release */ = {
			isa = XCBuildConfiguration;
			baseConfigurationReference = 44E088E9CB602E41C5904348 /* Pods-flixsterTests.release.xcconfig */;
			buildSettings = {
				ALWAYS_EMBED_SWIFT_STANDARD_LIBRARIES = YES;
				BUNDLE_LOADER = "$(TEST_HOST)";
				CODE_SIGN_STYLE = Automatic;
				INFOPLIST_FILE = flixsterTests/Info.plist;
				IPHONEOS_DEPLOYMENT_TARGET = 14.5;
				LD_RUNPATH_SEARCH_PATHS = (
					"$(inherited)",
					"@executable_path/Frameworks",
					"@loader_path/Frameworks",
				);
				PRODUCT_BUNDLE_IDENTIFIER = chanrachel117.flixsterTests;
				PRODUCT_NAME = "$(TARGET_NAME)";
				SWIFT_VERSION = 5.0;
				TARGETED_DEVICE_FAMILY = "1,2";
				TEST_HOST = "$(BUILT_PRODUCTS_DIR)/flixster.app/flixster";
			};
			name = Release;
		};
		B5EB118926F46EB40068AB8B /* Debug */ = {
			isa = XCBuildConfiguration;
			baseConfigurationReference = D49E37314C73FD779A7E5AA9 /* Pods-flixster-flixsterUITests.debug.xcconfig */;
			buildSettings = {
				ALWAYS_EMBED_SWIFT_STANDARD_LIBRARIES = YES;
				CODE_SIGN_STYLE = Automatic;
				INFOPLIST_FILE = flixsterUITests/Info.plist;
				LD_RUNPATH_SEARCH_PATHS = (
					"$(inherited)",
					"@executable_path/Frameworks",
					"@loader_path/Frameworks",
				);
				PRODUCT_BUNDLE_IDENTIFIER = chanrachel117.flixsterUITests;
				PRODUCT_NAME = "$(TARGET_NAME)";
				SWIFT_VERSION = 5.0;
				TARGETED_DEVICE_FAMILY = "1,2";
				TEST_TARGET_NAME = flixster;
			};
			name = Debug;
		};
		B5EB118A26F46EB40068AB8B /* Release */ = {
			isa = XCBuildConfiguration;
			baseConfigurationReference = 5D8FE044AA4750CAED78AA7F /* Pods-flixster-flixsterUITests.release.xcconfig */;
			buildSettings = {
				ALWAYS_EMBED_SWIFT_STANDARD_LIBRARIES = YES;
				CODE_SIGN_STYLE = Automatic;
				INFOPLIST_FILE = flixsterUITests/Info.plist;
				LD_RUNPATH_SEARCH_PATHS = (
					"$(inherited)",
					"@executable_path/Frameworks",
					"@loader_path/Frameworks",
				);
				PRODUCT_BUNDLE_IDENTIFIER = chanrachel117.flixsterUITests;
				PRODUCT_NAME = "$(TARGET_NAME)";
				SWIFT_VERSION = 5.0;
				TARGETED_DEVICE_FAMILY = "1,2";
				TEST_TARGET_NAME = flixster;
			};
			name = Release;
		};
/* End XCBuildConfiguration section */

/* Begin XCConfigurationList section */
		B5EB115326F46EB00068AB8B /* Build configuration list for PBXProject "flixster" */ = {
			isa = XCConfigurationList;
			buildConfigurations = (
				B5EB118026F46EB40068AB8B /* Debug */,
				B5EB118126F46EB40068AB8B /* Release */,
			);
			defaultConfigurationIsVisible = 0;
			defaultConfigurationName = Release;
		};
		B5EB118226F46EB40068AB8B /* Build configuration list for PBXNativeTarget "flixster" */ = {
			isa = XCConfigurationList;
			buildConfigurations = (
				B5EB118326F46EB40068AB8B /* Debug */,
				B5EB118426F46EB40068AB8B /* Release */,
			);
			defaultConfigurationIsVisible = 0;
			defaultConfigurationName = Release;
		};
		B5EB118526F46EB40068AB8B /* Build configuration list for PBXNativeTarget "flixsterTests" */ = {
			isa = XCConfigurationList;
			buildConfigurations = (
				B5EB118626F46EB40068AB8B /* Debug */,
				B5EB118726F46EB40068AB8B /* Release */,
			);
			defaultConfigurationIsVisible = 0;
			defaultConfigurationName = Release;
		};
		B5EB118826F46EB40068AB8B /* Build configuration list for PBXNativeTarget "flixsterUITests" */ = {
			isa = XCConfigurationList;
			buildConfigurations = (
				B5EB118926F46EB40068AB8B /* Debug */,
				B5EB118A26F46EB40068AB8B /* Release */,
			);
			defaultConfigurationIsVisible = 0;
			defaultConfigurationName = Release;
		};
/* End XCConfigurationList section */

/* Begin XCRemoteSwiftPackageReference section */
		B5EB118F26F480340068AB8B /* XCRemoteSwiftPackageReference "AlamofireImage" */ = {
			isa = XCRemoteSwiftPackageReference;
			repositoryURL = "https://github.com/Alamofire/AlamofireImage";
			requirement = {
				kind = upToNextMajorVersion;
				minimumVersion = 4.2.0;
			};
		};
/* End XCRemoteSwiftPackageReference section */

/* Begin XCSwiftPackageProductDependency section */
		B5EB119026F480340068AB8B /* AlamofireImage */ = {
			isa = XCSwiftPackageProductDependency;
			package = B5EB118F26F480340068AB8B /* XCRemoteSwiftPackageReference "AlamofireImage" */;
			productName = AlamofireImage;
		};
/* End XCSwiftPackageProductDependency section */
	};
	rootObject = B5EB115026F46EB00068AB8B /* Project object */;
}
